{
  "name": "projeto-aula-rodr-branas-angularjs",
  "version": "0.0.1",
  "lockfileVersion": 1,
  "requires": true,
  "dependencies": {
    "husky": {
      "version": "5.0.6",
      "resolved": "https://registry.npmjs.org/husky/-/husky-5.0.6.tgz",
      "integrity": "sha512-SM+evfvcHT3rAYJKvPlatz3L5RqzgeM6xIvDjhs8VuhKj6iKqFDOt/Ov8sPjvWuE4FDB385gJBwWXRj7G3c1hg==",
      "dev": true
    }
  }
}
